
Microsoft Visual Studio Solution File, Format Version 12.00
# Visual Studio 2013
VisualStudioVersion = 12.0.21005.1
MinimumVisualStudioVersion = 10.0.40219.1
Project("{FAE04EC0-301F-11D3-BF4B-00C04F79EFBC}") = "CircuitBreaker", "CircuitBreaker\CircuitBreaker.csproj", "{0621B495-3015-46C4-8093-98987BFD444C}"
EndProject
Project("{FAE04EC0-301F-11D3-BF4B-00C04F79EFBC}") = "CircuitBreakerTests", "CircuitBreakerTests\CircuitBreakerTests.csproj", "{0A1D6FB1-1B70-4BDE-B38F-8831AD3219A4}"
EndProject
Global
	GlobalSection(SolutionConfigurationPlatforms) = preSolution
		Debug|Any CPU = Debug|Any CPU
		Release|Any CPU = Release|Any CPU
	EndGlobalSection
	GlobalSection(ProjectConfigurationPlatforms) = postSolution
		{0621B495-3015-46C4-8093-98987BFD444C}.Debug|Any CPU.ActiveCfg = Debug|Any CPU
		{0621B495-3015-46C4-8093-98987BFD444C}.Debug|Any CPU.Build.0 = Debug|Any CPU
		{0621B495-3015-46C4-8093-98987BFD444C}.Release|Any CPU.ActiveCfg = Release|Any CPU
		{0621B495-3015-46C4-8093-98987BFD444C}.Release|Any CPU.Build.0 = Release|Any CPU
		{0A1D6FB1-1B70-4BDE-B38F-8831AD3219A4}.Debug|Any CPU.ActiveCfg = Debug|Any CPU
		{0A1D6FB1-1B70-4BDE-B38F-8831AD3219A4}.Debug|Any CPU.Build.0 = Debug|Any CPU
		{0A1D6FB1-1B70-4BDE-B38F-8831AD3219A4}.Release|Any CPU.ActiveCfg = Release|Any CPU
		{0A1D6FB1-1B70-4BDE-B38F-8831AD3219A4}.Release|Any CPU.Build.0 = Release|Any CPU
	EndGlobalSection
	GlobalSection(SolutionProperties) = preSolution
		HideSolutionNode = FALSE
	EndGlobalSection
EndGlobal
